
Microsoft Visual Studio Solution File, Format Version 12.00
# Visual Studio Version 16
VisualStudioVersion = 16.0.31702.278
MinimumVisualStudioVersion = 10.0.40219.1
Project("{9A19103F-16F7-4668-BE54-9A1E7A4F7556}") = "TeachMeSkills.Buglak.HomeWork1", "src\TeachMeSkills.Buglak.HomeWork1\TeachMeSkills.Buglak.HomeWork1.csproj", "{E7D8B94A-701B-4359-886E-48F81FF88744}"
EndProject
Global
	GlobalSection(SolutionConfigurationPlatforms) = preSolution
		Debug|Any CPU = Debug|Any CPU
		Release|Any CPU = Release|Any CPU
	EndGlobalSection
	GlobalSection(ProjectConfigurationPlatforms) = postSolution
		{E7D8B94A-701B-4359-886E-48F81FF88744}.Debug|Any CPU.ActiveCfg = Debug|Any CPU
		{E7D8B94A-701B-4359-886E-48F81FF88744}.Debug|Any CPU.Build.0 = Debug|Any CPU
		{E7D8B94A-701B-4359-886E-48F81FF88744}.Release|Any CPU.ActiveCfg = Release|Any CPU
		{E7D8B94A-701B-4359-886E-48F81FF88744}.Release|Any CPU.Build.0 = Release|Any CPU
	EndGlobalSection
	GlobalSection(SolutionProperties) = preSolution
		HideSolutionNode = FALSE
	EndGlobalSection
	GlobalSection(ExtensibilityGlobals) = postSolution
		SolutionGuid = {6A0F7870-5E22-44BB-99E0-E4E7F0AE4A35}
	EndGlobalSection
EndGlobal
