
Microsoft Visual Studio Solution File, Format Version 12.00
# Visual Studio Version 16
VisualStudioVersion = 16.0.31702.278
MinimumVisualStudioVersion = 10.0.40219.1
Project("{FAE04EC0-301F-11D3-BF4B-00C04F79EFBC}") = "TeachMeSkills.Buglak.HomeWork1", "TeachMeSkills.Buglak.HomeWork1.csproj", "{55DD6254-DF43-4546-BD37-0CD8F282BD71}"
EndProject
Global
	GlobalSection(SolutionConfigurationPlatforms) = preSolution
		Debug|Any CPU = Debug|Any CPU
		Release|Any CPU = Release|Any CPU
	EndGlobalSection
	GlobalSection(ProjectConfigurationPlatforms) = postSolution
		{55DD6254-DF43-4546-BD37-0CD8F282BD71}.Debug|Any CPU.ActiveCfg = Debug|Any CPU
		{55DD6254-DF43-4546-BD37-0CD8F282BD71}.Debug|Any CPU.Build.0 = Debug|Any CPU
		{55DD6254-DF43-4546-BD37-0CD8F282BD71}.Release|Any CPU.ActiveCfg = Release|Any CPU
		{55DD6254-DF43-4546-BD37-0CD8F282BD71}.Release|Any CPU.Build.0 = Release|Any CPU
	EndGlobalSection
	GlobalSection(SolutionProperties) = preSolution
		HideSolutionNode = FALSE
	EndGlobalSection
	GlobalSection(ExtensibilityGlobals) = postSolution
		SolutionGuid = {3B3D8790-E6C5-4FAB-AEE2-E4EC14F34599}
	EndGlobalSection
EndGlobal
